
Microsoft Visual Studio Solution File, Format Version 12.00
# Visual Studio Version 17
VisualStudioVersion = 17.7.34018.315
MinimumVisualStudioVersion = 10.0.40219.1
Project("{9A19103F-16F7-4668-BE54-9A1E7A4F7556}") = "LeetCode0001", "LeetCode0001\LeetCode0001.csproj", "{4EA099E1-57FC-44A1-8532-E7D91E2F524F}"
EndProject
Project("{9A19103F-16F7-4668-BE54-9A1E7A4F7556}") = "LeetCode0002", "LeetCode0002\LeetCode0002.csproj", "{0F9CF824-0E94-4C66-BCBF-9CFB748CC5C0}"
EndProject
Project("{9A19103F-16F7-4668-BE54-9A1E7A4F7556}") = "LeetCode0003", "LeetCode0003\LeetCode0003.csproj", "{BA1331ED-FCAF-4A15-82BF-FBE6772AC142}"
EndProject
Project("{9A19103F-16F7-4668-BE54-9A1E7A4F7556}") = "LeetCode0004", "LeetCode0004\LeetCode0004.csproj", "{40BD7A45-19F1-4AA8-B25A-35F663E26D0A}"
EndProject
Project("{9A19103F-16F7-4668-BE54-9A1E7A4F7556}") = "LeetCode0005", "LeetCode0005\LeetCode0005.csproj", "{22BC8EC4-B486-40AD-8695-B165A8FB53F6}"
EndProject
Project("{9A19103F-16F7-4668-BE54-9A1E7A4F7556}") = "LeetCode0007", "LeetCode0007\LeetCode0007.csproj", "{911297F9-D2A4-4F8D-8970-8E0A08C24EE0}"
EndProject
Project("{9A19103F-16F7-4668-BE54-9A1E7A4F7556}") = "LeetCode0006", "LeetCode0006\LeetCode0006.csproj", "{71987F83-3411-4FD9-812E-FD0095B27FCC}"
EndProject
Project("{9A19103F-16F7-4668-BE54-9A1E7A4F7556}") = "LeetCode0008", "LeetCode0008\LeetCode0008.csproj", "{96DB0213-7FF5-4644-BE89-2E1D5B1B23E5}"
EndProject
Project("{9A19103F-16F7-4668-BE54-9A1E7A4F7556}") = "LeetCode0009", "LeetCode0009\LeetCode0009.csproj", "{6C48F2A4-D99C-4A30-81A8-F9EF6EC08F2E}"
EndProject
Project("{9A19103F-16F7-4668-BE54-9A1E7A4F7556}") = "LeetCode0011", "LeetCode0011\LeetCode0011.csproj", "{7AFE8992-52D2-4AE3-BE7F-C942D3FB1BC2}"
EndProject
Project("{9A19103F-16F7-4668-BE54-9A1E7A4F7556}") = "LeetCode0012", "LeetCode0012\LeetCode0012.csproj", "{7ABDEFD3-33E7-413F-969A-9DD2FF69F8BD}"
EndProject
Project("{9A19103F-16F7-4668-BE54-9A1E7A4F7556}") = "LeetCode0013", "LeetCode0013\LeetCode0013.csproj", "{77FC495B-8A0A-492A-A6C6-B68D31CC3054}"
EndProject
Project("{9A19103F-16F7-4668-BE54-9A1E7A4F7556}") = "LeetCode0014", "LeetCode0014\LeetCode0014.csproj", "{7E0989AC-1843-47AE-9335-E441A52FF411}"
EndProject
Project("{9A19103F-16F7-4668-BE54-9A1E7A4F7556}") = "LeetCode0015", "LeetCode0015\LeetCode0015.csproj", "{5901C743-2992-40E9-B649-64A349FE60A7}"
EndProject
Project("{9A19103F-16F7-4668-BE54-9A1E7A4F7556}") = "LeetCode0017", "LeetCode0017\LeetCode0017.csproj", "{5EA031A5-ACAE-4A21-B62C-495016B2F828}"
EndProject
Project("{9A19103F-16F7-4668-BE54-9A1E7A4F7556}") = "LeetCode0058", "LeetCode0058\LeetCode0058.csproj", "{107D0C18-FED7-400D-824F-46B72177C32A}"
EndProject
Project("{9A19103F-16F7-4668-BE54-9A1E7A4F7556}") = "LeetCode0066", "LeetCode0066\LeetCode0066.csproj", "{742CE323-C8B0-4BAC-A5E6-BE8E15DAC65A}"
EndProject
Project("{9A19103F-16F7-4668-BE54-9A1E7A4F7556}") = "LeetCode0020", "LeetCode0020\LeetCode0020.csproj", "{ACB5DB20-1143-4B36-B343-DF29495AE740}"
EndProject
Project("{9A19103F-16F7-4668-BE54-9A1E7A4F7556}") = "LeetCode0021", "LeetCode0021\LeetCode0021.csproj", "{E4AD65A2-0693-4DFF-AC74-CFA57336456D}"
EndProject
Project("{9A19103F-16F7-4668-BE54-9A1E7A4F7556}") = "LeetCode0027", "LeetCode0027\LeetCode0027.csproj", "{DE28ABDB-7827-49CC-896A-8117516A2ED9}"
EndProject
Project("{9A19103F-16F7-4668-BE54-9A1E7A4F7556}") = "LeetCode0019", "LeetCode0019\LeetCode0019.csproj", "{FF50771D-E162-409C-A636-28C2E3B8ECC5}"
EndProject
Project("{9A19103F-16F7-4668-BE54-9A1E7A4F7556}") = "LeetCode0022", "LeetCode0022\LeetCode0022.csproj", "{D2171735-EDEE-47DD-903B-A20FA97E2E92}"
EndProject
Project("{9A19103F-16F7-4668-BE54-9A1E7A4F7556}") = "LeetCode0026", "LeetCode0026\LeetCode0026.csproj", "{AB2E8A58-FFA3-4FF1-928D-AE422ACA8476}"
EndProject
Project("{9A19103F-16F7-4668-BE54-9A1E7A4F7556}") = "LeetCode0028", "LeetCode0028\LeetCode0028.csproj", "{BF1CF058-14F6-4491-9121-846BFFA137A4}"
EndProject
Project("{FAE04EC0-301F-11D3-BF4B-00C04F79EFBC}") = "LeetCode0029", "LeetCode0029\LeetCode0029.csproj", "{476C328F-4227-4DFF-84FA-A9D50DDEE888}"
EndProject
Global
	GlobalSection(SolutionConfigurationPlatforms) = preSolution
		Debug|Any CPU = Debug|Any CPU
		Release|Any CPU = Release|Any CPU
	EndGlobalSection
	GlobalSection(ProjectConfigurationPlatforms) = postSolution
		{4EA099E1-57FC-44A1-8532-E7D91E2F524F}.Debug|Any CPU.ActiveCfg = Debug|Any CPU
		{4EA099E1-57FC-44A1-8532-E7D91E2F524F}.Debug|Any CPU.Build.0 = Debug|Any CPU
		{4EA099E1-57FC-44A1-8532-E7D91E2F524F}.Release|Any CPU.ActiveCfg = Release|Any CPU
		{4EA099E1-57FC-44A1-8532-E7D91E2F524F}.Release|Any CPU.Build.0 = Release|Any CPU
		{0F9CF824-0E94-4C66-BCBF-9CFB748CC5C0}.Debug|Any CPU.ActiveCfg = Debug|Any CPU
		{0F9CF824-0E94-4C66-BCBF-9CFB748CC5C0}.Debug|Any CPU.Build.0 = Debug|Any CPU
		{0F9CF824-0E94-4C66-BCBF-9CFB748CC5C0}.Release|Any CPU.ActiveCfg = Release|Any CPU
		{0F9CF824-0E94-4C66-BCBF-9CFB748CC5C0}.Release|Any CPU.Build.0 = Release|Any CPU
		{BA1331ED-FCAF-4A15-82BF-FBE6772AC142}.Debug|Any CPU.ActiveCfg = Debug|Any CPU
		{BA1331ED-FCAF-4A15-82BF-FBE6772AC142}.Debug|Any CPU.Build.0 = Debug|Any CPU
		{BA1331ED-FCAF-4A15-82BF-FBE6772AC142}.Release|Any CPU.ActiveCfg = Release|Any CPU
		{BA1331ED-FCAF-4A15-82BF-FBE6772AC142}.Release|Any CPU.Build.0 = Release|Any CPU
		{40BD7A45-19F1-4AA8-B25A-35F663E26D0A}.Debug|Any CPU.ActiveCfg = Debug|Any CPU
		{40BD7A45-19F1-4AA8-B25A-35F663E26D0A}.Debug|Any CPU.Build.0 = Debug|Any CPU
		{40BD7A45-19F1-4AA8-B25A-35F663E26D0A}.Release|Any CPU.ActiveCfg = Release|Any CPU
		{40BD7A45-19F1-4AA8-B25A-35F663E26D0A}.Release|Any CPU.Build.0 = Release|Any CPU
		{22BC8EC4-B486-40AD-8695-B165A8FB53F6}.Debug|Any CPU.ActiveCfg = Debug|Any CPU
		{22BC8EC4-B486-40AD-8695-B165A8FB53F6}.Debug|Any CPU.Build.0 = Debug|Any CPU
		{22BC8EC4-B486-40AD-8695-B165A8FB53F6}.Release|Any CPU.ActiveCfg = Release|Any CPU
		{22BC8EC4-B486-40AD-8695-B165A8FB53F6}.Release|Any CPU.Build.0 = Release|Any CPU
		{911297F9-D2A4-4F8D-8970-8E0A08C24EE0}.Debug|Any CPU.ActiveCfg = Debug|Any CPU
		{911297F9-D2A4-4F8D-8970-8E0A08C24EE0}.Debug|Any CPU.Build.0 = Debug|Any CPU
		{911297F9-D2A4-4F8D-8970-8E0A08C24EE0}.Release|Any CPU.ActiveCfg = Release|Any CPU
		{911297F9-D2A4-4F8D-8970-8E0A08C24EE0}.Release|Any CPU.Build.0 = Release|Any CPU
		{71987F83-3411-4FD9-812E-FD0095B27FCC}.Debug|Any CPU.ActiveCfg = Debug|Any CPU
		{71987F83-3411-4FD9-812E-FD0095B27FCC}.Debug|Any CPU.Build.0 = Debug|Any CPU
		{71987F83-3411-4FD9-812E-FD0095B27FCC}.Release|Any CPU.ActiveCfg = Release|Any CPU
		{71987F83-3411-4FD9-812E-FD0095B27FCC}.Release|Any CPU.Build.0 = Release|Any CPU
		{96DB0213-7FF5-4644-BE89-2E1D5B1B23E5}.Debug|Any CPU.ActiveCfg = Debug|Any CPU
		{96DB0213-7FF5-4644-BE89-2E1D5B1B23E5}.Debug|Any CPU.Build.0 = Debug|Any CPU
		{96DB0213-7FF5-4644-BE89-2E1D5B1B23E5}.Release|Any CPU.ActiveCfg = Release|Any CPU
		{96DB0213-7FF5-4644-BE89-2E1D5B1B23E5}.Release|Any CPU.Build.0 = Release|Any CPU
		{6C48F2A4-D99C-4A30-81A8-F9EF6EC08F2E}.Debug|Any CPU.ActiveCfg = Debug|Any CPU
		{6C48F2A4-D99C-4A30-81A8-F9EF6EC08F2E}.Debug|Any CPU.Build.0 = Debug|Any CPU
		{6C48F2A4-D99C-4A30-81A8-F9EF6EC08F2E}.Release|Any CPU.ActiveCfg = Release|Any CPU
		{6C48F2A4-D99C-4A30-81A8-F9EF6EC08F2E}.Release|Any CPU.Build.0 = Release|Any CPU
		{7AFE8992-52D2-4AE3-BE7F-C942D3FB1BC2}.Debug|Any CPU.ActiveCfg = Debug|Any CPU
		{7AFE8992-52D2-4AE3-BE7F-C942D3FB1BC2}.Debug|Any CPU.Build.0 = Debug|Any CPU
		{7AFE8992-52D2-4AE3-BE7F-C942D3FB1BC2}.Release|Any CPU.ActiveCfg = Release|Any CPU
		{7AFE8992-52D2-4AE3-BE7F-C942D3FB1BC2}.Release|Any CPU.Build.0 = Release|Any CPU
		{7ABDEFD3-33E7-413F-969A-9DD2FF69F8BD}.Debug|Any CPU.ActiveCfg = Debug|Any CPU
		{7ABDEFD3-33E7-413F-969A-9DD2FF69F8BD}.Debug|Any CPU.Build.0 = Debug|Any CPU
		{7ABDEFD3-33E7-413F-969A-9DD2FF69F8BD}.Release|Any CPU.ActiveCfg = Release|Any CPU
		{7ABDEFD3-33E7-413F-969A-9DD2FF69F8BD}.Release|Any CPU.Build.0 = Release|Any CPU
		{77FC495B-8A0A-492A-A6C6-B68D31CC3054}.Debug|Any CPU.ActiveCfg = Debug|Any CPU
		{77FC495B-8A0A-492A-A6C6-B68D31CC3054}.Debug|Any CPU.Build.0 = Debug|Any CPU
		{77FC495B-8A0A-492A-A6C6-B68D31CC3054}.Release|Any CPU.ActiveCfg = Release|Any CPU
		{77FC495B-8A0A-492A-A6C6-B68D31CC3054}.Release|Any CPU.Build.0 = Release|Any CPU
		{7E0989AC-1843-47AE-9335-E441A52FF411}.Debug|Any CPU.ActiveCfg = Debug|Any CPU
		{7E0989AC-1843-47AE-9335-E441A52FF411}.Debug|Any CPU.Build.0 = Debug|Any CPU
		{7E0989AC-1843-47AE-9335-E441A52FF411}.Release|Any CPU.ActiveCfg = Release|Any CPU
		{7E0989AC-1843-47AE-9335-E441A52FF411}.Release|Any CPU.Build.0 = Release|Any CPU
		{5901C743-2992-40E9-B649-64A349FE60A7}.Debug|Any CPU.ActiveCfg = Debug|Any CPU
		{5901C743-2992-40E9-B649-64A349FE60A7}.Debug|Any CPU.Build.0 = Debug|Any CPU
		{5901C743-2992-40E9-B649-64A349FE60A7}.Release|Any CPU.ActiveCfg = Release|Any CPU
		{5901C743-2992-40E9-B649-64A349FE60A7}.Release|Any CPU.Build.0 = Release|Any CPU
		{5EA031A5-ACAE-4A21-B62C-495016B2F828}.Debug|Any CPU.ActiveCfg = Debug|Any CPU
		{5EA031A5-ACAE-4A21-B62C-495016B2F828}.Debug|Any CPU.Build.0 = Debug|Any CPU
		{5EA031A5-ACAE-4A21-B62C-495016B2F828}.Release|Any CPU.ActiveCfg = Release|Any CPU
		{5EA031A5-ACAE-4A21-B62C-495016B2F828}.Release|Any CPU.Build.0 = Release|Any CPU
		{107D0C18-FED7-400D-824F-46B72177C32A}.Debug|Any CPU.ActiveCfg = Debug|Any CPU
		{107D0C18-FED7-400D-824F-46B72177C32A}.Debug|Any CPU.Build.0 = Debug|Any CPU
		{107D0C18-FED7-400D-824F-46B72177C32A}.Release|Any CPU.ActiveCfg = Release|Any CPU
		{107D0C18-FED7-400D-824F-46B72177C32A}.Release|Any CPU.Build.0 = Release|Any CPU
		{742CE323-C8B0-4BAC-A5E6-BE8E15DAC65A}.Debug|Any CPU.ActiveCfg = Debug|Any CPU
		{742CE323-C8B0-4BAC-A5E6-BE8E15DAC65A}.Debug|Any CPU.Build.0 = Debug|Any CPU
		{742CE323-C8B0-4BAC-A5E6-BE8E15DAC65A}.Release|Any CPU.ActiveCfg = Release|Any CPU
		{742CE323-C8B0-4BAC-A5E6-BE8E15DAC65A}.Release|Any CPU.Build.0 = Release|Any CPU
		{ACB5DB20-1143-4B36-B343-DF29495AE740}.Debug|Any CPU.ActiveCfg = Debug|Any CPU
		{ACB5DB20-1143-4B36-B343-DF29495AE740}.Debug|Any CPU.Build.0 = Debug|Any CPU
		{ACB5DB20-1143-4B36-B343-DF29495AE740}.Release|Any CPU.ActiveCfg = Release|Any CPU
		{ACB5DB20-1143-4B36-B343-DF29495AE740}.Release|Any CPU.Build.0 = Release|Any CPU
		{E4AD65A2-0693-4DFF-AC74-CFA57336456D}.Debug|Any CPU.ActiveCfg = Debug|Any CPU
		{E4AD65A2-0693-4DFF-AC74-CFA57336456D}.Debug|Any CPU.Build.0 = Debug|Any CPU
		{E4AD65A2-0693-4DFF-AC74-CFA57336456D}.Release|Any CPU.ActiveCfg = Release|Any CPU
		{E4AD65A2-0693-4DFF-AC74-CFA57336456D}.Release|Any CPU.Build.0 = Release|Any CPU
		{DE28ABDB-7827-49CC-896A-8117516A2ED9}.Debug|Any CPU.ActiveCfg = Debug|Any CPU
		{DE28ABDB-7827-49CC-896A-8117516A2ED9}.Debug|Any CPU.Build.0 = Debug|Any CPU
		{DE28ABDB-7827-49CC-896A-8117516A2ED9}.Release|Any CPU.ActiveCfg = Release|Any CPU
		{DE28ABDB-7827-49CC-896A-8117516A2ED9}.Release|Any CPU.Build.0 = Release|Any CPU
		{FF50771D-E162-409C-A636-28C2E3B8ECC5}.Debug|Any CPU.ActiveCfg = Debug|Any CPU
		{FF50771D-E162-409C-A636-28C2E3B8ECC5}.Debug|Any CPU.Build.0 = Debug|Any CPU
		{FF50771D-E162-409C-A636-28C2E3B8ECC5}.Release|Any CPU.ActiveCfg = Release|Any CPU
		{FF50771D-E162-409C-A636-28C2E3B8ECC5}.Release|Any CPU.Build.0 = Release|Any CPU
		{D2171735-EDEE-47DD-903B-A20FA97E2E92}.Debug|Any CPU.ActiveCfg = Debug|Any CPU
		{D2171735-EDEE-47DD-903B-A20FA97E2E92}.Debug|Any CPU.Build.0 = Debug|Any CPU
		{D2171735-EDEE-47DD-903B-A20FA97E2E92}.Release|Any CPU.ActiveCfg = Release|Any CPU
		{D2171735-EDEE-47DD-903B-A20FA97E2E92}.Release|Any CPU.Build.0 = Release|Any CPU
		{AB2E8A58-FFA3-4FF1-928D-AE422ACA8476}.Debug|Any CPU.ActiveCfg = Debug|Any CPU
		{AB2E8A58-FFA3-4FF1-928D-AE422ACA8476}.Debug|Any CPU.Build.0 = Debug|Any CPU
		{AB2E8A58-FFA3-4FF1-928D-AE422ACA8476}.Release|Any CPU.ActiveCfg = Release|Any CPU
		{AB2E8A58-FFA3-4FF1-928D-AE422ACA8476}.Release|Any CPU.Build.0 = Release|Any CPU
		{BF1CF058-14F6-4491-9121-846BFFA137A4}.Debug|Any CPU.ActiveCfg = Debug|Any CPU
		{BF1CF058-14F6-4491-9121-846BFFA137A4}.Debug|Any CPU.Build.0 = Debug|Any CPU
		{BF1CF058-14F6-4491-9121-846BFFA137A4}.Release|Any CPU.ActiveCfg = Release|Any CPU
		{BF1CF058-14F6-4491-9121-846BFFA137A4}.Release|Any CPU.Build.0 = Release|Any CPU
		{476C328F-4227-4DFF-84FA-A9D50DDEE888}.Debug|Any CPU.ActiveCfg = Debug|Any CPU
		{476C328F-4227-4DFF-84FA-A9D50DDEE888}.Debug|Any CPU.Build.0 = Debug|Any CPU
		{476C328F-4227-4DFF-84FA-A9D50DDEE888}.Release|Any CPU.ActiveCfg = Release|Any CPU
		{476C328F-4227-4DFF-84FA-A9D50DDEE888}.Release|Any CPU.Build.0 = Release|Any CPU
	EndGlobalSection
	GlobalSection(SolutionProperties) = preSolution
		HideSolutionNode = FALSE
	EndGlobalSection
	GlobalSection(ExtensibilityGlobals) = postSolution
		SolutionGuid = {D2EE4EA5-9A47-4F91-983F-9E7086B6FA59}
	EndGlobalSection
EndGlobal
